# This file is automatically @generated by Cargo.
# It is not intended for manual editing.
version = 3

[[package]]
name = "myapp"
version = "0.1.0"

[[package]]
name = "serde"
version = "1.0.197"
source = "registry+https://github.com/rust-lang/crates.io-index"
checksum = "abc123def456abc123def456abc123def456abc123def456abc123def456abc1"

[[package]]
name = "tokio"
version = "1.35.1"
source = "registry+https://github.com/rust-lang/crates.io-index"
checksum = "def456abc123def456abc123def456abc123def456abc123def456abc123def4"
dependencies = [
 "serde",
]

[[package]]
name = "my-git-dep"
version = "0.2.0"
source = "git+https://github.com/example/repo#abc123"
