[[package]]
name = "requests"
version = "2.31.0"
description = "Python HTTP for Humans."
category = "main"
optional = false
python-versions = ">=3.7"

[[package]]
name = "flask"
version = "3.0.3"
description = "A simple framework for building complex web applications."
category = "main"
optional = false
python-versions = ">=3.8"

[[package]]
name = "certifi"
version = "2024.2.2"
description = "Python package for providing Mozilla's CA Bundle."
category = "main"
optional = false
python-versions = ">=3.6"

[metadata]
lock-version = "2.0"
python-versions = "^3.11"
content-hash = "abc123"
