__metadata:
  version: 8
  cacheKey: 10c0

"lodash@npm:^4.17.20":
  version: 4.17.21
  resolution: "lodash@npm:4.17.21"
  checksum: 10c0/abc123
  languageName: node
  linkType: hard

"react@npm:^18.0.0":
  version: 18.2.0
  resolution: "react@npm:18.2.0"
  checksum: 10c0/def456
  languageName: node
  linkType: hard

"@scope/utils@npm:^1.0.0":
  version: 1.2.3
  resolution: "@scope/utils@npm:1.2.3"
  checksum: 10c0/ghi789
  languageName: node
  linkType: hard
